
Microsoft Visual Studio Solution File, Format Version 12.00
# Visual Studio Version 17
VisualStudioVersion = 17.4.33403.182
MinimumVisualStudioVersion = 10.0.40219.1
Project("{FAE04EC0-301F-11D3-BF4B-00C04F79EFBC}") = "07.04.Winforms_CountOfSymbolsInText", "07.04.Winforms_CountOfSymbolsInText\07.04.Winforms_CountOfSymbolsInText.csproj", "{FE18C9EC-CE47-4ED2-8AB3-84599692A915}"
EndProject
Global
	GlobalSection(SolutionConfigurationPlatforms) = preSolution
		Debug|Any CPU = Debug|Any CPU
		Release|Any CPU = Release|Any CPU
	EndGlobalSection
	GlobalSection(ProjectConfigurationPlatforms) = postSolution
		{FE18C9EC-CE47-4ED2-8AB3-84599692A915}.Debug|Any CPU.ActiveCfg = Debug|Any CPU
		{FE18C9EC-CE47-4ED2-8AB3-84599692A915}.Debug|Any CPU.Build.0 = Debug|Any CPU
		{FE18C9EC-CE47-4ED2-8AB3-84599692A915}.Release|Any CPU.ActiveCfg = Release|Any CPU
		{FE18C9EC-CE47-4ED2-8AB3-84599692A915}.Release|Any CPU.Build.0 = Release|Any CPU
	EndGlobalSection
	GlobalSection(SolutionProperties) = preSolution
		HideSolutionNode = FALSE
	EndGlobalSection
	GlobalSection(ExtensibilityGlobals) = postSolution
		SolutionGuid = {894DE680-73E9-4825-9C1C-15E553FA77DF}
	EndGlobalSection
EndGlobal
