
Microsoft Visual Studio Solution File, Format Version 12.00
# Visual Studio Version 17
VisualStudioVersion = 17.4.33403.182
MinimumVisualStudioVersion = 10.0.40219.1
Project("{FAE04EC0-301F-11D3-BF4B-00C04F79EFBC}") = "25.04.Semaphore", "25.04.Semaphore\25.04.Semaphore.csproj", "{3C84136A-D684-4296-B1FD-75DD69CD9D60}"
EndProject
Global
	GlobalSection(SolutionConfigurationPlatforms) = preSolution
		Debug|Any CPU = Debug|Any CPU
		Release|Any CPU = Release|Any CPU
	EndGlobalSection
	GlobalSection(ProjectConfigurationPlatforms) = postSolution
		{3C84136A-D684-4296-B1FD-75DD69CD9D60}.Debug|Any CPU.ActiveCfg = Debug|Any CPU
		{3C84136A-D684-4296-B1FD-75DD69CD9D60}.Debug|Any CPU.Build.0 = Debug|Any CPU
		{3C84136A-D684-4296-B1FD-75DD69CD9D60}.Release|Any CPU.ActiveCfg = Release|Any CPU
		{3C84136A-D684-4296-B1FD-75DD69CD9D60}.Release|Any CPU.Build.0 = Release|Any CPU
	EndGlobalSection
	GlobalSection(SolutionProperties) = preSolution
		HideSolutionNode = FALSE
	EndGlobalSection
	GlobalSection(ExtensibilityGlobals) = postSolution
		SolutionGuid = {A5931DCC-66C8-44FE-A93D-F2B7AEABF056}
	EndGlobalSection
EndGlobal
