
Microsoft Visual Studio Solution File, Format Version 12.00
# Visual Studio Version 17
VisualStudioVersion = 17.7.34202.233
MinimumVisualStudioVersion = 10.0.40219.1
Project("{FAE04EC0-301F-11D3-BF4B-00C04F79EFBC}") = "11.10 Register", "11.10 Register\11.10 Register.csproj", "{40BD8B94-9C16-45F0-8373-8B6A40504624}"
EndProject
Global
	GlobalSection(SolutionConfigurationPlatforms) = preSolution
		Debug|Any CPU = Debug|Any CPU
		Release|Any CPU = Release|Any CPU
	EndGlobalSection
	GlobalSection(ProjectConfigurationPlatforms) = postSolution
		{40BD8B94-9C16-45F0-8373-8B6A40504624}.Debug|Any CPU.ActiveCfg = Debug|Any CPU
		{40BD8B94-9C16-45F0-8373-8B6A40504624}.Debug|Any CPU.Build.0 = Debug|Any CPU
		{40BD8B94-9C16-45F0-8373-8B6A40504624}.Release|Any CPU.ActiveCfg = Release|Any CPU
		{40BD8B94-9C16-45F0-8373-8B6A40504624}.Release|Any CPU.Build.0 = Release|Any CPU
	EndGlobalSection
	GlobalSection(SolutionProperties) = preSolution
		HideSolutionNode = FALSE
	EndGlobalSection
	GlobalSection(ExtensibilityGlobals) = postSolution
		SolutionGuid = {127975F0-DAFA-43D4-87CF-20A44365A311}
	EndGlobalSection
EndGlobal
