
Microsoft Visual Studio Solution File, Format Version 12.00
# Visual Studio Version 17
VisualStudioVersion = 17.4.33213.308
MinimumVisualStudioVersion = 10.0.40219.1
Project("{FAE04EC0-301F-11D3-BF4B-00C04F79EFBC}") = "Web", "06.02.HW\Web.csproj", "{E10D1564-23A6-4261-83AF-FB5B0F23484D}"
EndProject
Project("{FAE04EC0-301F-11D3-BF4B-00C04F79EFBC}") = "Magazine", "Magazine\Magazine.csproj", "{4A0670F8-4BE9-47FE-9A78-A021D7C1E469}"
EndProject
Project("{FAE04EC0-301F-11D3-BF4B-00C04F79EFBC}") = "Shop", "Shop\Shop.csproj", "{B0755BB0-EFA4-4D4C-BD4B-64E19C81E4D5}"
EndProject
Global
	GlobalSection(SolutionConfigurationPlatforms) = preSolution
		Debug|Any CPU = Debug|Any CPU
		Release|Any CPU = Release|Any CPU
	EndGlobalSection
	GlobalSection(ProjectConfigurationPlatforms) = postSolution
		{E10D1564-23A6-4261-83AF-FB5B0F23484D}.Debug|Any CPU.ActiveCfg = Debug|Any CPU
		{E10D1564-23A6-4261-83AF-FB5B0F23484D}.Debug|Any CPU.Build.0 = Debug|Any CPU
		{E10D1564-23A6-4261-83AF-FB5B0F23484D}.Release|Any CPU.ActiveCfg = Release|Any CPU
		{E10D1564-23A6-4261-83AF-FB5B0F23484D}.Release|Any CPU.Build.0 = Release|Any CPU
		{4A0670F8-4BE9-47FE-9A78-A021D7C1E469}.Debug|Any CPU.ActiveCfg = Debug|Any CPU
		{4A0670F8-4BE9-47FE-9A78-A021D7C1E469}.Debug|Any CPU.Build.0 = Debug|Any CPU
		{4A0670F8-4BE9-47FE-9A78-A021D7C1E469}.Release|Any CPU.ActiveCfg = Release|Any CPU
		{4A0670F8-4BE9-47FE-9A78-A021D7C1E469}.Release|Any CPU.Build.0 = Release|Any CPU
		{B0755BB0-EFA4-4D4C-BD4B-64E19C81E4D5}.Debug|Any CPU.ActiveCfg = Debug|Any CPU
		{B0755BB0-EFA4-4D4C-BD4B-64E19C81E4D5}.Debug|Any CPU.Build.0 = Debug|Any CPU
		{B0755BB0-EFA4-4D4C-BD4B-64E19C81E4D5}.Release|Any CPU.ActiveCfg = Release|Any CPU
		{B0755BB0-EFA4-4D4C-BD4B-64E19C81E4D5}.Release|Any CPU.Build.0 = Release|Any CPU
	EndGlobalSection
	GlobalSection(SolutionProperties) = preSolution
		HideSolutionNode = FALSE
	EndGlobalSection
	GlobalSection(ExtensibilityGlobals) = postSolution
		SolutionGuid = {8A7701BB-78A8-446E-9B7D-5126CE84F02A}
	EndGlobalSection
EndGlobal
