
Microsoft Visual Studio Solution File, Format Version 12.00
# Visual Studio Version 17
VisualStudioVersion = 17.6.33712.159
MinimumVisualStudioVersion = 10.0.40219.1
Project("{FAE04EC0-301F-11D3-BF4B-00C04F79EFBC}") = "18.09 Chess", "18.09 Chess\18.09 Chess.csproj", "{ED4F8CFC-7539-4716-A6BA-79461BC6059F}"
EndProject
Global
	GlobalSection(SolutionConfigurationPlatforms) = preSolution
		Debug|Any CPU = Debug|Any CPU
		Release|Any CPU = Release|Any CPU
	EndGlobalSection
	GlobalSection(ProjectConfigurationPlatforms) = postSolution
		{ED4F8CFC-7539-4716-A6BA-79461BC6059F}.Debug|Any CPU.ActiveCfg = Debug|Any CPU
		{ED4F8CFC-7539-4716-A6BA-79461BC6059F}.Debug|Any CPU.Build.0 = Debug|Any CPU
		{ED4F8CFC-7539-4716-A6BA-79461BC6059F}.Release|Any CPU.ActiveCfg = Release|Any CPU
		{ED4F8CFC-7539-4716-A6BA-79461BC6059F}.Release|Any CPU.Build.0 = Release|Any CPU
	EndGlobalSection
	GlobalSection(SolutionProperties) = preSolution
		HideSolutionNode = FALSE
	EndGlobalSection
	GlobalSection(ExtensibilityGlobals) = postSolution
		SolutionGuid = {EECF4A42-B1DE-449D-8C42-F3E56F2FD8C1}
	EndGlobalSection
EndGlobal
