
Microsoft Visual Studio Solution File, Format Version 12.00
# Visual Studio Version 17
VisualStudioVersion = 17.5.33627.172
MinimumVisualStudioVersion = 10.0.40219.1
Project("{FAE04EC0-301F-11D3-BF4B-00C04F79EFBC}") = "2_Windows", "2_Windows\2_Windows.csproj", "{3D1C3457-1DA5-4DF4-8ED7-F9841FED7EB1}"
EndProject
Global
	GlobalSection(SolutionConfigurationPlatforms) = preSolution
		Debug|Any CPU = Debug|Any CPU
		Release|Any CPU = Release|Any CPU
	EndGlobalSection
	GlobalSection(ProjectConfigurationPlatforms) = postSolution
		{3D1C3457-1DA5-4DF4-8ED7-F9841FED7EB1}.Debug|Any CPU.ActiveCfg = Debug|Any CPU
		{3D1C3457-1DA5-4DF4-8ED7-F9841FED7EB1}.Debug|Any CPU.Build.0 = Debug|Any CPU
		{3D1C3457-1DA5-4DF4-8ED7-F9841FED7EB1}.Release|Any CPU.ActiveCfg = Release|Any CPU
		{3D1C3457-1DA5-4DF4-8ED7-F9841FED7EB1}.Release|Any CPU.Build.0 = Release|Any CPU
	EndGlobalSection
	GlobalSection(SolutionProperties) = preSolution
		HideSolutionNode = FALSE
	EndGlobalSection
	GlobalSection(ExtensibilityGlobals) = postSolution
		SolutionGuid = {BB6990CC-CD3D-4D61-8F2C-238C7E00D7F2}
	EndGlobalSection
EndGlobal
