
Microsoft Visual Studio Solution File, Format Version 12.00
# Visual Studio Version 17
VisualStudioVersion = 17.4.33403.182
MinimumVisualStudioVersion = 10.0.40219.1
Project("{FAE04EC0-301F-11D3-BF4B-00C04F79EFBC}") = "11.04.Modal_dialog", "11.04.Modal_dialog\11.04.Modal_dialog.csproj", "{E621C643-E8A3-4A3A-9379-E0162BB12513}"
EndProject
Global
	GlobalSection(SolutionConfigurationPlatforms) = preSolution
		Debug|Any CPU = Debug|Any CPU
		Release|Any CPU = Release|Any CPU
	EndGlobalSection
	GlobalSection(ProjectConfigurationPlatforms) = postSolution
		{E621C643-E8A3-4A3A-9379-E0162BB12513}.Debug|Any CPU.ActiveCfg = Debug|Any CPU
		{E621C643-E8A3-4A3A-9379-E0162BB12513}.Debug|Any CPU.Build.0 = Debug|Any CPU
		{E621C643-E8A3-4A3A-9379-E0162BB12513}.Release|Any CPU.ActiveCfg = Release|Any CPU
		{E621C643-E8A3-4A3A-9379-E0162BB12513}.Release|Any CPU.Build.0 = Release|Any CPU
	EndGlobalSection
	GlobalSection(SolutionProperties) = preSolution
		HideSolutionNode = FALSE
	EndGlobalSection
	GlobalSection(ExtensibilityGlobals) = postSolution
		SolutionGuid = {87110224-A50B-444F-8D3F-D20C8523A4F1}
	EndGlobalSection
EndGlobal
