
Microsoft Visual Studio Solution File, Format Version 12.00
# Visual Studio Version 17
VisualStudioVersion = 17.4.33403.182
MinimumVisualStudioVersion = 10.0.40219.1
Project("{FAE04EC0-301F-11D3-BF4B-00C04F79EFBC}") = "20.03.Mediator", "20.03.Mediator\20.03.Mediator.csproj", "{A5BBEB05-7A49-40AE-B1FA-87A343B77A4A}"
EndProject
Global
	GlobalSection(SolutionConfigurationPlatforms) = preSolution
		Debug|Any CPU = Debug|Any CPU
		Release|Any CPU = Release|Any CPU
	EndGlobalSection
	GlobalSection(ProjectConfigurationPlatforms) = postSolution
		{A5BBEB05-7A49-40AE-B1FA-87A343B77A4A}.Debug|Any CPU.ActiveCfg = Debug|Any CPU
		{A5BBEB05-7A49-40AE-B1FA-87A343B77A4A}.Debug|Any CPU.Build.0 = Debug|Any CPU
		{A5BBEB05-7A49-40AE-B1FA-87A343B77A4A}.Release|Any CPU.ActiveCfg = Release|Any CPU
		{A5BBEB05-7A49-40AE-B1FA-87A343B77A4A}.Release|Any CPU.Build.0 = Release|Any CPU
	EndGlobalSection
	GlobalSection(SolutionProperties) = preSolution
		HideSolutionNode = FALSE
	EndGlobalSection
	GlobalSection(ExtensibilityGlobals) = postSolution
		SolutionGuid = {AECC211F-F2CE-43F2-8FFC-A660176F0797}
	EndGlobalSection
EndGlobal
