
Microsoft Visual Studio Solution File, Format Version 12.00
# Visual Studio Version 17
VisualStudioVersion = 17.7.34202.233
MinimumVisualStudioVersion = 10.0.40219.1
Project("{FAE04EC0-301F-11D3-BF4B-00C04F79EFBC}") = "16.10 Notebook", "16.10 Notebook\16.10 Notebook.csproj", "{FAA9DE81-4D22-49AE-AD64-C3AF5A60A64A}"
EndProject
Global
	GlobalSection(SolutionConfigurationPlatforms) = preSolution
		Debug|Any CPU = Debug|Any CPU
		Release|Any CPU = Release|Any CPU
	EndGlobalSection
	GlobalSection(ProjectConfigurationPlatforms) = postSolution
		{FAA9DE81-4D22-49AE-AD64-C3AF5A60A64A}.Debug|Any CPU.ActiveCfg = Debug|Any CPU
		{FAA9DE81-4D22-49AE-AD64-C3AF5A60A64A}.Debug|Any CPU.Build.0 = Debug|Any CPU
		{FAA9DE81-4D22-49AE-AD64-C3AF5A60A64A}.Release|Any CPU.ActiveCfg = Release|Any CPU
		{FAA9DE81-4D22-49AE-AD64-C3AF5A60A64A}.Release|Any CPU.Build.0 = Release|Any CPU
	EndGlobalSection
	GlobalSection(SolutionProperties) = preSolution
		HideSolutionNode = FALSE
	EndGlobalSection
	GlobalSection(ExtensibilityGlobals) = postSolution
		SolutionGuid = {E4DCE050-03C9-4A6B-B950-222D0F0AC59D}
	EndGlobalSection
EndGlobal
