
Microsoft Visual Studio Solution File, Format Version 12.00
# Visual Studio Version 17
VisualStudioVersion = 17.7.34202.233
MinimumVisualStudioVersion = 10.0.40219.1
Project("{FAE04EC0-301F-11D3-BF4B-00C04F79EFBC}") = "4.10 Calculator", "4.10 Calculator\4.10 Calculator.csproj", "{99BB8EBB-B3B1-439A-BA17-43281837617E}"
EndProject
Global
	GlobalSection(SolutionConfigurationPlatforms) = preSolution
		Debug|Any CPU = Debug|Any CPU
		Release|Any CPU = Release|Any CPU
	EndGlobalSection
	GlobalSection(ProjectConfigurationPlatforms) = postSolution
		{99BB8EBB-B3B1-439A-BA17-43281837617E}.Debug|Any CPU.ActiveCfg = Debug|Any CPU
		{99BB8EBB-B3B1-439A-BA17-43281837617E}.Debug|Any CPU.Build.0 = Debug|Any CPU
		{99BB8EBB-B3B1-439A-BA17-43281837617E}.Release|Any CPU.ActiveCfg = Release|Any CPU
		{99BB8EBB-B3B1-439A-BA17-43281837617E}.Release|Any CPU.Build.0 = Release|Any CPU
	EndGlobalSection
	GlobalSection(SolutionProperties) = preSolution
		HideSolutionNode = FALSE
	EndGlobalSection
	GlobalSection(ExtensibilityGlobals) = postSolution
		SolutionGuid = {832FDE81-ABD3-4F17-B0AF-26141BCBAB8F}
	EndGlobalSection
EndGlobal
