
Microsoft Visual Studio Solution File, Format Version 12.00
# Visual Studio Version 17
VisualStudioVersion = 17.4.33403.182
MinimumVisualStudioVersion = 10.0.40219.1
Project("{FAE04EC0-301F-11D3-BF4B-00C04F79EFBC}") = "13.04.WinForm_Tabs", "13.04.WinForm_Tabs\13.04.WinForm_Tabs.csproj", "{30BF8656-D82E-4CDD-ACFD-4FED49B0BABD}"
EndProject
Global
	GlobalSection(SolutionConfigurationPlatforms) = preSolution
		Debug|Any CPU = Debug|Any CPU
		Release|Any CPU = Release|Any CPU
	EndGlobalSection
	GlobalSection(ProjectConfigurationPlatforms) = postSolution
		{30BF8656-D82E-4CDD-ACFD-4FED49B0BABD}.Debug|Any CPU.ActiveCfg = Debug|Any CPU
		{30BF8656-D82E-4CDD-ACFD-4FED49B0BABD}.Debug|Any CPU.Build.0 = Debug|Any CPU
		{30BF8656-D82E-4CDD-ACFD-4FED49B0BABD}.Release|Any CPU.ActiveCfg = Release|Any CPU
		{30BF8656-D82E-4CDD-ACFD-4FED49B0BABD}.Release|Any CPU.Build.0 = Release|Any CPU
	EndGlobalSection
	GlobalSection(SolutionProperties) = preSolution
		HideSolutionNode = FALSE
	EndGlobalSection
	GlobalSection(ExtensibilityGlobals) = postSolution
		SolutionGuid = {55B96237-127D-49B4-A688-A579A8936042}
	EndGlobalSection
EndGlobal
