
Microsoft Visual Studio Solution File, Format Version 12.00
# Visual Studio Version 17
VisualStudioVersion = 17.5.33627.172
MinimumVisualStudioVersion = 10.0.40219.1
Project("{FAE04EC0-301F-11D3-BF4B-00C04F79EFBC}") = "Logs", "Logs\Logs.csproj", "{DA663C6B-DF12-4B34-860E-D870046769C0}"
EndProject
Global
	GlobalSection(SolutionConfigurationPlatforms) = preSolution
		Debug|Any CPU = Debug|Any CPU
		Release|Any CPU = Release|Any CPU
	EndGlobalSection
	GlobalSection(ProjectConfigurationPlatforms) = postSolution
		{DA663C6B-DF12-4B34-860E-D870046769C0}.Debug|Any CPU.ActiveCfg = Debug|Any CPU
		{DA663C6B-DF12-4B34-860E-D870046769C0}.Debug|Any CPU.Build.0 = Debug|Any CPU
		{DA663C6B-DF12-4B34-860E-D870046769C0}.Release|Any CPU.ActiveCfg = Release|Any CPU
		{DA663C6B-DF12-4B34-860E-D870046769C0}.Release|Any CPU.Build.0 = Release|Any CPU
	EndGlobalSection
	GlobalSection(SolutionProperties) = preSolution
		HideSolutionNode = FALSE
	EndGlobalSection
	GlobalSection(ExtensibilityGlobals) = postSolution
		SolutionGuid = {AF881A7E-7375-482F-BC0B-EE49AB5B4428}
	EndGlobalSection
EndGlobal
