
Microsoft Visual Studio Solution File, Format Version 12.00
# Visual Studio Version 17
VisualStudioVersion = 17.5.33627.172
MinimumVisualStudioVersion = 10.0.40219.1
Project("{FAE04EC0-301F-11D3-BF4B-00C04F79EFBC}") = "Serialize", "Serialize\Serialize.csproj", "{C3239B06-4060-47D4-AC06-0FEE867E6C93}"
EndProject
Global
	GlobalSection(SolutionConfigurationPlatforms) = preSolution
		Debug|Any CPU = Debug|Any CPU
		Release|Any CPU = Release|Any CPU
	EndGlobalSection
	GlobalSection(ProjectConfigurationPlatforms) = postSolution
		{C3239B06-4060-47D4-AC06-0FEE867E6C93}.Debug|Any CPU.ActiveCfg = Debug|Any CPU
		{C3239B06-4060-47D4-AC06-0FEE867E6C93}.Debug|Any CPU.Build.0 = Debug|Any CPU
		{C3239B06-4060-47D4-AC06-0FEE867E6C93}.Release|Any CPU.ActiveCfg = Release|Any CPU
		{C3239B06-4060-47D4-AC06-0FEE867E6C93}.Release|Any CPU.Build.0 = Release|Any CPU
	EndGlobalSection
	GlobalSection(SolutionProperties) = preSolution
		HideSolutionNode = FALSE
	EndGlobalSection
	GlobalSection(ExtensibilityGlobals) = postSolution
		SolutionGuid = {CAD30694-E694-4C3F-8239-3CC555B14A06}
	EndGlobalSection
EndGlobal
