
Microsoft Visual Studio Solution File, Format Version 12.00
# Visual Studio Version 17
VisualStudioVersion = 17.4.33403.182
MinimumVisualStudioVersion = 10.0.40219.1
Project("{FAE04EC0-301F-11D3-BF4B-00C04F79EFBC}") = "21.02.Anonym_method", "21.02.Anonym_method\21.02.Anonym_method.csproj", "{83DE5E99-F112-47BF-A8B7-9E15EDECC698}"
EndProject
Global
	GlobalSection(SolutionConfigurationPlatforms) = preSolution
		Debug|Any CPU = Debug|Any CPU
		Release|Any CPU = Release|Any CPU
	EndGlobalSection
	GlobalSection(ProjectConfigurationPlatforms) = postSolution
		{83DE5E99-F112-47BF-A8B7-9E15EDECC698}.Debug|Any CPU.ActiveCfg = Debug|Any CPU
		{83DE5E99-F112-47BF-A8B7-9E15EDECC698}.Debug|Any CPU.Build.0 = Debug|Any CPU
		{83DE5E99-F112-47BF-A8B7-9E15EDECC698}.Release|Any CPU.ActiveCfg = Release|Any CPU
		{83DE5E99-F112-47BF-A8B7-9E15EDECC698}.Release|Any CPU.Build.0 = Release|Any CPU
	EndGlobalSection
	GlobalSection(SolutionProperties) = preSolution
		HideSolutionNode = FALSE
	EndGlobalSection
	GlobalSection(ExtensibilityGlobals) = postSolution
		SolutionGuid = {ED2E286E-9034-4BA5-8C93-FCFB37114248}
	EndGlobalSection
EndGlobal
