
Microsoft Visual Studio Solution File, Format Version 12.00
# Visual Studio Version 17
VisualStudioVersion = 17.7.34031.279
MinimumVisualStudioVersion = 10.0.40219.1
Project("{FAE04EC0-301F-11D3-BF4B-00C04F79EFBC}") = "Clock", "Clock\Clock.csproj", "{6DA9390F-3F3C-4895-A0B7-73CCFFD69D9A}"
EndProject
Global
	GlobalSection(SolutionConfigurationPlatforms) = preSolution
		Debug|Any CPU = Debug|Any CPU
		Release|Any CPU = Release|Any CPU
	EndGlobalSection
	GlobalSection(ProjectConfigurationPlatforms) = postSolution
		{6DA9390F-3F3C-4895-A0B7-73CCFFD69D9A}.Debug|Any CPU.ActiveCfg = Debug|Any CPU
		{6DA9390F-3F3C-4895-A0B7-73CCFFD69D9A}.Debug|Any CPU.Build.0 = Debug|Any CPU
		{6DA9390F-3F3C-4895-A0B7-73CCFFD69D9A}.Release|Any CPU.ActiveCfg = Release|Any CPU
		{6DA9390F-3F3C-4895-A0B7-73CCFFD69D9A}.Release|Any CPU.Build.0 = Release|Any CPU
	EndGlobalSection
	GlobalSection(SolutionProperties) = preSolution
		HideSolutionNode = FALSE
	EndGlobalSection
	GlobalSection(ExtensibilityGlobals) = postSolution
		SolutionGuid = {8726906A-B99B-4163-BF9E-E153869AEF19}
	EndGlobalSection
EndGlobal
