
Microsoft Visual Studio Solution File, Format Version 12.00
# Visual Studio Version 17
VisualStudioVersion = 17.4.33403.182
MinimumVisualStudioVersion = 10.0.40219.1
Project("{FAE04EC0-301F-11D3-BF4B-00C04F79EFBC}") = "23.02.SOLID(DIP)", "23.02.SOLID(DIP)\23.02.SOLID(DIP).csproj", "{E22F0575-ECDD-4120-8630-842F3ADE5E8C}"
EndProject
Global
	GlobalSection(SolutionConfigurationPlatforms) = preSolution
		Debug|Any CPU = Debug|Any CPU
		Release|Any CPU = Release|Any CPU
	EndGlobalSection
	GlobalSection(ProjectConfigurationPlatforms) = postSolution
		{E22F0575-ECDD-4120-8630-842F3ADE5E8C}.Debug|Any CPU.ActiveCfg = Debug|Any CPU
		{E22F0575-ECDD-4120-8630-842F3ADE5E8C}.Debug|Any CPU.Build.0 = Debug|Any CPU
		{E22F0575-ECDD-4120-8630-842F3ADE5E8C}.Release|Any CPU.ActiveCfg = Release|Any CPU
		{E22F0575-ECDD-4120-8630-842F3ADE5E8C}.Release|Any CPU.Build.0 = Release|Any CPU
	EndGlobalSection
	GlobalSection(SolutionProperties) = preSolution
		HideSolutionNode = FALSE
	EndGlobalSection
	GlobalSection(ExtensibilityGlobals) = postSolution
		SolutionGuid = {C8FDEB55-2338-46E3-B5E9-6552BC100F48}
	EndGlobalSection
EndGlobal
