
Microsoft Visual Studio Solution File, Format Version 12.00
# Visual Studio Version 17
VisualStudioVersion = 17.8.34322.80
MinimumVisualStudioVersion = 10.0.40219.1
Project("{FAE04EC0-301F-11D3-BF4B-00C04F79EFBC}") = "6.11 Recipes", "6.11 Recipes\6.11 Recipes.csproj", "{1562C700-DE48-4A6C-AD5C-38A231B7DBFF}"
EndProject
Global
	GlobalSection(SolutionConfigurationPlatforms) = preSolution
		Debug|Any CPU = Debug|Any CPU
		Release|Any CPU = Release|Any CPU
	EndGlobalSection
	GlobalSection(ProjectConfigurationPlatforms) = postSolution
		{1562C700-DE48-4A6C-AD5C-38A231B7DBFF}.Debug|Any CPU.ActiveCfg = Debug|Any CPU
		{1562C700-DE48-4A6C-AD5C-38A231B7DBFF}.Debug|Any CPU.Build.0 = Debug|Any CPU
		{1562C700-DE48-4A6C-AD5C-38A231B7DBFF}.Release|Any CPU.ActiveCfg = Release|Any CPU
		{1562C700-DE48-4A6C-AD5C-38A231B7DBFF}.Release|Any CPU.Build.0 = Release|Any CPU
	EndGlobalSection
	GlobalSection(SolutionProperties) = preSolution
		HideSolutionNode = FALSE
	EndGlobalSection
	GlobalSection(ExtensibilityGlobals) = postSolution
		SolutionGuid = {9C655B8B-6484-4AE2-B2E1-CE83AB47EDC3}
	EndGlobalSection
EndGlobal
